
Microsoft Visual Studio Solution File, Format Version 12.00
# Visual Studio Version 17
VisualStudioVersion = 17.4.33205.214
MinimumVisualStudioVersion = 10.0.40219.1
Project("{FAE04EC0-301F-11D3-BF4B-00C04F79EFBC}") = "BlazorDevOps.Server", "BlazorDevOps\Server\BlazorDevOps.Server.csproj", "{C51536A5-B9F1-411B-A8DB-FCC67B624EAD}"
EndProject
Project("{FAE04EC0-301F-11D3-BF4B-00C04F79EFBC}") = "BlazorDevOps.Client", "BlazorDevOps\Client\BlazorDevOps.Client.csproj", "{26BA4F47-390A-49E6-A6EE-857443F6E502}"
EndProject
Project("{FAE04EC0-301F-11D3-BF4B-00C04F79EFBC}") = "BlazorDevOps.Shared", "BlazorDevOps\Shared\BlazorDevOps.Shared.csproj", "{61053AC3-47BE-41C6-BC4F-546035023540}"
EndProject
Global
	GlobalSection(SolutionConfigurationPlatforms) = preSolution
		Debug|Any CPU = Debug|Any CPU
		Release|Any CPU = Release|Any CPU
	EndGlobalSection
	GlobalSection(ProjectConfigurationPlatforms) = postSolution
		{C51536A5-B9F1-411B-A8DB-FCC67B624EAD}.Debug|Any CPU.ActiveCfg = Debug|Any CPU
		{C51536A5-B9F1-411B-A8DB-FCC67B624EAD}.Debug|Any CPU.Build.0 = Debug|Any CPU
		{C51536A5-B9F1-411B-A8DB-FCC67B624EAD}.Release|Any CPU.ActiveCfg = Release|Any CPU
		{C51536A5-B9F1-411B-A8DB-FCC67B624EAD}.Release|Any CPU.Build.0 = Release|Any CPU
		{26BA4F47-390A-49E6-A6EE-857443F6E502}.Debug|Any CPU.ActiveCfg = Debug|Any CPU
		{26BA4F47-390A-49E6-A6EE-857443F6E502}.Debug|Any CPU.Build.0 = Debug|Any CPU
		{26BA4F47-390A-49E6-A6EE-857443F6E502}.Release|Any CPU.ActiveCfg = Release|Any CPU
		{26BA4F47-390A-49E6-A6EE-857443F6E502}.Release|Any CPU.Build.0 = Release|Any CPU
		{61053AC3-47BE-41C6-BC4F-546035023540}.Debug|Any CPU.ActiveCfg = Debug|Any CPU
		{61053AC3-47BE-41C6-BC4F-546035023540}.Debug|Any CPU.Build.0 = Debug|Any CPU
		{61053AC3-47BE-41C6-BC4F-546035023540}.Release|Any CPU.ActiveCfg = Release|Any CPU
		{61053AC3-47BE-41C6-BC4F-546035023540}.Release|Any CPU.Build.0 = Release|Any CPU
	EndGlobalSection
	GlobalSection(SolutionProperties) = preSolution
		HideSolutionNode = FALSE
	EndGlobalSection
	GlobalSection(ExtensibilityGlobals) = postSolution
		SolutionGuid = {DB5DB6EA-2473-4701-A764-495E3E2C0558}
	EndGlobalSection
EndGlobal
